
Microsoft Visual Studio Solution File, Format Version 12.00
# Visual Studio Version 16
VisualStudioVersion = 16.0.31729.503
MinimumVisualStudioVersion = 10.0.40219.1
Project("{FAE04EC0-301F-11D3-BF4B-00C04F79EFBC}") = "goCCSI_API", "goCCSI_API\goCCSI_API.csproj", "{100A227F-EF73-4B3F-9341-99E88E041898}"
EndProject
Global
	GlobalSection(SolutionConfigurationPlatforms) = preSolution
		Debug|Any CPU = Debug|Any CPU
		Release|Any CPU = Release|Any CPU
	EndGlobalSection
	GlobalSection(ProjectConfigurationPlatforms) = postSolution
		{100A227F-EF73-4B3F-9341-99E88E041898}.Debug|Any CPU.ActiveCfg = Debug|Any CPU
		{100A227F-EF73-4B3F-9341-99E88E041898}.Debug|Any CPU.Build.0 = Debug|Any CPU
		{100A227F-EF73-4B3F-9341-99E88E041898}.Release|Any CPU.ActiveCfg = Release|Any CPU
		{100A227F-EF73-4B3F-9341-99E88E041898}.Release|Any CPU.Build.0 = Release|Any CPU
	EndGlobalSection
	GlobalSection(SolutionProperties) = preSolution
		HideSolutionNode = FALSE
	EndGlobalSection
	GlobalSection(ExtensibilityGlobals) = postSolution
		SolutionGuid = {7180E938-A56D-484A-B257-A595DE63EABE}
	EndGlobalSection
EndGlobal
